
Microsoft Visual Studio Solution File, Format Version 12.00
# Visual Studio Version 17
VisualStudioVersion = 17.3.32922.545
MinimumVisualStudioVersion = 10.0.40219.1
Project("{9A19103F-16F7-4668-BE54-9A1E7A4F7556}") = "Corp.Prod.Area.Sub", "src\Corp.Prod.Area.Sub\Corp.Prod.Area.Sub.csproj", "{3531C940-F9CF-4D6C-B957-433C50ADC909}"
EndProject
Project("{9A19103F-16F7-4668-BE54-9A1E7A4F7556}") = "Corp.Prod.Area.Sub.DTOs", "src\Corp.Prod.Area.Sub.DTOs\Corp.Prod.Area.Sub.DTOs.csproj", "{B8D18F25-F379-4B87-ACCC-F8A17E0AED38}"
EndProject
Project("{9A19103F-16F7-4668-BE54-9A1E7A4F7556}") = "Corp.Prod.Area.Sub.Interfaces", "Corp.Prod.Area.Sub.Interfaces\Corp.Prod.Area.Sub.Interfaces.csproj", "{89034970-0CD1-47D2-A3E1-1BC674CB5666}"
EndProject
Project("{FAE04EC0-301F-11D3-BF4B-00C04F79EFBC}") = "Corp.Prod.BusinessLogic.Entities", "Corp.Prod.BusinessLogic.Entities\Corp.Prod.BusinessLogic.Entities.csproj", "{08886DF2-2276-431E-8D56-778A5B663B99}"
EndProject
Project("{FAE04EC0-301F-11D3-BF4B-00C04F79EFBC}") = "Corp.Prod.BusinessLogic.Interfaces", "Corp.Prod.BusinessLogic.Interfaces\Corp.Prod.BusinessLogic.Interfaces.csproj", "{A43D78A6-2DEA-456F-BA0B-5B7F6829E246}"
EndProject
Project("{FAE04EC0-301F-11D3-BF4B-00C04F79EFBC}") = "Corp.Prod.BusinessLogic", "Corp.Prod.BusinessLogic\Corp.Prod.BusinessLogic.csproj", "{4368AA27-7090-4207-8BAF-1B82D4961B4C}"
EndProject
Project("{FAE04EC0-301F-11D3-BF4B-00C04F79EFBC}") = "Corp.Prod.BusinessLogic.Test", "Corp.Prod.BusinessLogic.Test\Corp.Prod.BusinessLogic.Test.csproj", "{BC921C8A-3A43-46BA-9F66-1882239081D3}"
EndProject
Global
	GlobalSection(SolutionConfigurationPlatforms) = preSolution
		Debug|Any CPU = Debug|Any CPU
		Release|Any CPU = Release|Any CPU
	EndGlobalSection
	GlobalSection(ProjectConfigurationPlatforms) = postSolution
		{3531C940-F9CF-4D6C-B957-433C50ADC909}.Debug|Any CPU.ActiveCfg = Debug|Any CPU
		{3531C940-F9CF-4D6C-B957-433C50ADC909}.Debug|Any CPU.Build.0 = Debug|Any CPU
		{3531C940-F9CF-4D6C-B957-433C50ADC909}.Release|Any CPU.ActiveCfg = Release|Any CPU
		{3531C940-F9CF-4D6C-B957-433C50ADC909}.Release|Any CPU.Build.0 = Release|Any CPU
		{B8D18F25-F379-4B87-ACCC-F8A17E0AED38}.Debug|Any CPU.ActiveCfg = Debug|Any CPU
		{B8D18F25-F379-4B87-ACCC-F8A17E0AED38}.Debug|Any CPU.Build.0 = Debug|Any CPU
		{B8D18F25-F379-4B87-ACCC-F8A17E0AED38}.Release|Any CPU.ActiveCfg = Release|Any CPU
		{B8D18F25-F379-4B87-ACCC-F8A17E0AED38}.Release|Any CPU.Build.0 = Release|Any CPU
		{89034970-0CD1-47D2-A3E1-1BC674CB5666}.Debug|Any CPU.ActiveCfg = Debug|Any CPU
		{89034970-0CD1-47D2-A3E1-1BC674CB5666}.Debug|Any CPU.Build.0 = Debug|Any CPU
		{89034970-0CD1-47D2-A3E1-1BC674CB5666}.Release|Any CPU.ActiveCfg = Release|Any CPU
		{89034970-0CD1-47D2-A3E1-1BC674CB5666}.Release|Any CPU.Build.0 = Release|Any CPU
		{08886DF2-2276-431E-8D56-778A5B663B99}.Debug|Any CPU.ActiveCfg = Debug|Any CPU
		{08886DF2-2276-431E-8D56-778A5B663B99}.Debug|Any CPU.Build.0 = Debug|Any CPU
		{08886DF2-2276-431E-8D56-778A5B663B99}.Release|Any CPU.ActiveCfg = Release|Any CPU
		{08886DF2-2276-431E-8D56-778A5B663B99}.Release|Any CPU.Build.0 = Release|Any CPU
		{A43D78A6-2DEA-456F-BA0B-5B7F6829E246}.Debug|Any CPU.ActiveCfg = Debug|Any CPU
		{A43D78A6-2DEA-456F-BA0B-5B7F6829E246}.Debug|Any CPU.Build.0 = Debug|Any CPU
		{A43D78A6-2DEA-456F-BA0B-5B7F6829E246}.Release|Any CPU.ActiveCfg = Release|Any CPU
		{A43D78A6-2DEA-456F-BA0B-5B7F6829E246}.Release|Any CPU.Build.0 = Release|Any CPU
		{4368AA27-7090-4207-8BAF-1B82D4961B4C}.Debug|Any CPU.ActiveCfg = Debug|Any CPU
		{4368AA27-7090-4207-8BAF-1B82D4961B4C}.Debug|Any CPU.Build.0 = Debug|Any CPU
		{4368AA27-7090-4207-8BAF-1B82D4961B4C}.Release|Any CPU.ActiveCfg = Release|Any CPU
		{4368AA27-7090-4207-8BAF-1B82D4961B4C}.Release|Any CPU.Build.0 = Release|Any CPU
		{BC921C8A-3A43-46BA-9F66-1882239081D3}.Debug|Any CPU.ActiveCfg = Debug|Any CPU
		{BC921C8A-3A43-46BA-9F66-1882239081D3}.Debug|Any CPU.Build.0 = Debug|Any CPU
		{BC921C8A-3A43-46BA-9F66-1882239081D3}.Release|Any CPU.ActiveCfg = Release|Any CPU
		{BC921C8A-3A43-46BA-9F66-1882239081D3}.Release|Any CPU.Build.0 = Release|Any CPU
	EndGlobalSection
	GlobalSection(SolutionProperties) = preSolution
		HideSolutionNode = FALSE
	EndGlobalSection
	GlobalSection(ExtensibilityGlobals) = postSolution
		SolutionGuid = {486DFDBE-6BE3-41A0-AE35-47A2E480213A}
	EndGlobalSection
EndGlobal
